
Microsoft Visual Studio Solution File, Format Version 12.00
# Visual Studio 15
VisualStudioVersion = 15.0.28010.2036
MinimumVisualStudioVersion = 10.0.40219.1
Project("{9A19103F-16F7-4668-BE54-9A1E7A4F7556}") = "ClientSocket", "ClientSocket\ClientSocket.csproj", "{578013DE-EA83-44C5-9279-B883AA756344}"
EndProject
Project("{9A19103F-16F7-4668-BE54-9A1E7A4F7556}") = "ServerSocket", "ServerSocket\ServerSocket.csproj", "{38B61AE0-931D-4B5D-951B-7FA2467B5CF6}"
EndProject
Global
	GlobalSection(SolutionConfigurationPlatforms) = preSolution
		Debug|Any CPU = Debug|Any CPU
		Release|Any CPU = Release|Any CPU
	EndGlobalSection
	GlobalSection(ProjectConfigurationPlatforms) = postSolution
		{578013DE-EA83-44C5-9279-B883AA756344}.Debug|Any CPU.ActiveCfg = Debug|Any CPU
		{578013DE-EA83-44C5-9279-B883AA756344}.Debug|Any CPU.Build.0 = Debug|Any CPU
		{578013DE-EA83-44C5-9279-B883AA756344}.Release|Any CPU.ActiveCfg = Release|Any CPU
		{578013DE-EA83-44C5-9279-B883AA756344}.Release|Any CPU.Build.0 = Release|Any CPU
		{38B61AE0-931D-4B5D-951B-7FA2467B5CF6}.Debug|Any CPU.ActiveCfg = Debug|Any CPU
		{38B61AE0-931D-4B5D-951B-7FA2467B5CF6}.Debug|Any CPU.Build.0 = Debug|Any CPU
		{38B61AE0-931D-4B5D-951B-7FA2467B5CF6}.Release|Any CPU.ActiveCfg = Release|Any CPU
		{38B61AE0-931D-4B5D-951B-7FA2467B5CF6}.Release|Any CPU.Build.0 = Release|Any CPU
	EndGlobalSection
	GlobalSection(SolutionProperties) = preSolution
		HideSolutionNode = FALSE
	EndGlobalSection
	GlobalSection(ExtensibilityGlobals) = postSolution
		SolutionGuid = {79ECA0D7-9A53-457F-A5A4-0BB95D04A0F7}
	EndGlobalSection
EndGlobal
